dependencies:
- name: kube-state-metrics
  repository: https://kubernetes-charts.storage.googleapis.com/
  version: 2.8.13
- name: prometheus-node-exporter
  repository: https://kubernetes-charts.storage.googleapis.com/
  version: 1.10.0
- name: grafana
  repository: https://kubernetes-charts.storage.googleapis.com/
  version: 5.3.6
- name: prometheus-adapter
  repository: https://kubernetes-charts.storage.googleapis.com/
  version: 2.4.0
- name: cattle-pushprox
  repository: file://../../cattle-pushprox
  version: 0.1.0
- name: cattle-pushprox
  repository: file://../../cattle-pushprox
  version: 0.1.0
- name: cattle-pushprox
  repository: file://../../cattle-pushprox
  version: 0.1.0
- name: cattle-pushprox
  repository: file://../../cattle-pushprox
  version: 0.1.0
- name: cattle-pushprox
  repository: file://../../cattle-pushprox
  version: 0.1.0
- name: cattle-pushprox
  repository: file://../../cattle-pushprox
  version: 0.1.0
- name: cattle-pushprox
  repository: file://../../cattle-pushprox
  version: 0.1.0
- name: cattle-pushprox
  repository: file://../../cattle-pushprox
  version: 0.1.0
- name: cattle-pushprox
  repository: file://../../cattle-pushprox
  version: 0.1.0
- name: cattle-pushprox
  repository: file://../../cattle-pushprox
  version: 0.1.0
- name: cattle-pushprox
  repository: file://../../cattle-pushprox
  version: 0.1.0
digest: sha256:0d38e9e5d77496242ae8da10dc91085502e6a53a8ec2d816d3075d9dd5ec0ac8
generated: "2020-07-20T16:04:28.35365-07:00"
